
Microsoft Visual Studio Solution File, Format Version 12.00
# Visual Studio Version 17
VisualStudioVersion = 17.6.33723.286
MinimumVisualStudioVersion = 10.0.40219.1
Project("{FAE04EC0-301F-11D3-BF4B-00C04F79EFBC}") = "BotVoceVaiCantar", "BotVoceVaiCantar\BotVoceVaiCantar.csproj", "{57DCBF0F-0153-4F5C-AEC0-EACBB644624A}"
EndProject
Project("{FAE04EC0-301F-11D3-BF4B-00C04F79EFBC}") = "BotVoceVaiCantar.Domain", "BotVoceVaiCantar.Domain\BotVoceVaiCantar.Domain.csproj", "{61F96D1D-4480-4FB7-955C-8C795F7E9589}"
EndProject
Project("{FAE04EC0-301F-11D3-BF4B-00C04F79EFBC}") = "BotVoceVaiCantar.Repository", "BotVoceVaiCantar.Repository\BotVoceVaiCantar.Repository.csproj", "{BB4FE405-7FAF-498F-9E52-970DF133401B}"
EndProject
Project("{FAE04EC0-301F-11D3-BF4B-00C04F79EFBC}") = "BotVoceVaiCantar.Service", "BotVoceVaiCantar.Service\BotVoceVaiCantar.Service.csproj", "{77830C72-A394-429D-9B07-F44189E349D0}"
EndProject
Global
	GlobalSection(SolutionConfigurationPlatforms) = preSolution
		Debug|Any CPU = Debug|Any CPU
		Release|Any CPU = Release|Any CPU
	EndGlobalSection
	GlobalSection(ProjectConfigurationPlatforms) = postSolution
		{57DCBF0F-0153-4F5C-AEC0-EACBB644624A}.Debug|Any CPU.ActiveCfg = Debug|Any CPU
		{57DCBF0F-0153-4F5C-AEC0-EACBB644624A}.Debug|Any CPU.Build.0 = Debug|Any CPU
		{57DCBF0F-0153-4F5C-AEC0-EACBB644624A}.Release|Any CPU.ActiveCfg = Release|Any CPU
		{57DCBF0F-0153-4F5C-AEC0-EACBB644624A}.Release|Any CPU.Build.0 = Release|Any CPU
		{61F96D1D-4480-4FB7-955C-8C795F7E9589}.Debug|Any CPU.ActiveCfg = Debug|Any CPU
		{61F96D1D-4480-4FB7-955C-8C795F7E9589}.Debug|Any CPU.Build.0 = Debug|Any CPU
		{61F96D1D-4480-4FB7-955C-8C795F7E9589}.Release|Any CPU.ActiveCfg = Release|Any CPU
		{61F96D1D-4480-4FB7-955C-8C795F7E9589}.Release|Any CPU.Build.0 = Release|Any CPU
		{BB4FE405-7FAF-498F-9E52-970DF133401B}.Debug|Any CPU.ActiveCfg = Debug|Any CPU
		{BB4FE405-7FAF-498F-9E52-970DF133401B}.Debug|Any CPU.Build.0 = Debug|Any CPU
		{BB4FE405-7FAF-498F-9E52-970DF133401B}.Release|Any CPU.ActiveCfg = Release|Any CPU
		{BB4FE405-7FAF-498F-9E52-970DF133401B}.Release|Any CPU.Build.0 = Release|Any CPU
		{77830C72-A394-429D-9B07-F44189E349D0}.Debug|Any CPU.ActiveCfg = Debug|Any CPU
		{77830C72-A394-429D-9B07-F44189E349D0}.Debug|Any CPU.Build.0 = Debug|Any CPU
		{77830C72-A394-429D-9B07-F44189E349D0}.Release|Any CPU.ActiveCfg = Release|Any CPU
		{77830C72-A394-429D-9B07-F44189E349D0}.Release|Any CPU.Build.0 = Release|Any CPU
	EndGlobalSection
	GlobalSection(SolutionProperties) = preSolution
		HideSolutionNode = FALSE
	EndGlobalSection
	GlobalSection(ExtensibilityGlobals) = postSolution
		SolutionGuid = {31ECB953-BF13-4E28-9192-C6D944284388}
	EndGlobalSection
EndGlobal
